vti_encoding:SR|utf8-nl
vti_sourcecontroltimecheckedout:TX|13 May 1999 16:40:07 -0000
vti_author:SR|TXDAL01\\ccheatha
vti_sourcecontrolmultiuserchkoutby:VX|TXDAL01\\\\ccheatha
vti_sourcecontrolcookie:SX|C:\\Program Files\\Microsoft Visual Studio\\Common\\VSS Client\\srcsafe.ini
vti_timecreated:TR|05 Mar 1999 11:38:33 -0000
vti_modifiedby:SR|TXDAL01\\ccheatha
vti_sourcecontrolcheckedoutby:SX|TXDAL01\\ccheatha
vti_backlinkinfo:VX|
vti_nexttolasttimemodified:TW|10 Mar 1999 00:02:57 -0600
vti_extenderversion:SR|3.0.2.1706
vti_sourcecontrolversion:SX|V1
vti_timelastmodified:TR|10 Mar 1999 07:39:52 -0000
