vti_encoding:SR|utf8-nl
vti_sourcecontroltimecheckedout:TX|13 May 1999 16:40:07 -0000
vti_sourcecontrolmultiuserchkoutby:VX|TXDAL01\\\\ccheatha
vti_sourcecontrolcookie:SX|C:\\Program Files\\Microsoft Visual Studio\\Common\\VSS Client\\srcsafe.ini
vti_sourcecontrolcheckedoutby:SX|TXDAL01\\ccheatha
vti_sourcecontrolversion:SX|V2
vti_extenderversion:SR|3.0.2.1706
vti_timelastmodified:TR|12 Mar 1999 08:53:10 -0000
